
Microsoft Visual Studio Solution File, Format Version 12.00
# Visual Studio Version 16
VisualStudioVersion = 16.0.29326.143
MinimumVisualStudioVersion = 10.0.40219.1
Project("{888888A0-9F3D-457C-B088-3A5042F75D52}") = "PI_N_Digit", "PI_N_Digit\PI_N_Digit.pyproj", "{36BD4A78-8A10-4D71-99A3-77CCA4756D87}"
EndProject
Global
	GlobalSection(SolutionConfigurationPlatforms) = preSolution
		Debug|Any CPU = Debug|Any CPU
		Release|Any CPU = Release|Any CPU
	EndGlobalSection
	GlobalSection(ProjectConfigurationPlatforms) = postSolution
		{36BD4A78-8A10-4D71-99A3-77CCA4756D87}.Debug|Any CPU.ActiveCfg = Debug|Any CPU
		{36BD4A78-8A10-4D71-99A3-77CCA4756D87}.Release|Any CPU.ActiveCfg = Release|Any CPU
	EndGlobalSection
	GlobalSection(SolutionProperties) = preSolution
		HideSolutionNode = FALSE
	EndGlobalSection
	GlobalSection(ExtensibilityGlobals) = postSolution
		SolutionGuid = {C3053122-3C5C-49B8-A56A-A22A4825F57C}
	EndGlobalSection
EndGlobal
